// !$*UTF8*$!
{
	archiveVersion = 1;
	classes = {
	};
	objectVersion = 55;
	objects = {

/* Begin PBXBuildFile section */
		3FAAE8C027FC3657001C0357 /* DetailListViewController.swift in Sources */ = {isa = PBXBuildFile; fileRef = 3FAAE8BE27FC3656001C0357 /* DetailListViewController.swift */; };
		3FAAE8C127FC3657001C0357 /* DetailListStoryboard.storyboard in Resources */ = {isa = PBXBuildFile; fileRef = 3FAAE8BF27FC3656001C0357 /* DetailListStoryboard.storyboard */; };
		C62B602C27FB6F12000301D8 /* AddDestinationViewController.swift in Sources */ = {isa = PBXBuildFile; fileRef = C62B602B27FB6F12000301D8 /* AddDestinationViewController.swift */; };
		C62B603027FBEA46000301D8 /* AddDetailStoryboard.storyboard in Resources */ = {isa = PBXBuildFile; fileRef = C62B602F27FBEA45000301D8 /* AddDetailStoryboard.storyboard */; };
		C65D83EC27FC0AD1001F50B2 /* SelectActivities in Resources */ = {isa = PBXBuildFile; fileRef = C65D83EB27FC0AD1001F50B2 /* SelectActivities */; };
		C66C80D327F54F0B002A171F /* AppDelegate.swift in Sources */ = {isa = PBXBuildFile; fileRef = C66C80D227F54F0B002A171F /* AppDelegate.swift */; };
		C66C80D527F54F0B002A171F /* SceneDelegate.swift in Sources */ = {isa = PBXBuildFile; fileRef = C66C80D427F54F0B002A171F /* SceneDelegate.swift */; };
		C66C80D727F54F0B002A171F /* ViewController.swift in Sources */ = {isa = PBXBuildFile; fileRef = C66C80D627F54F0B002A171F /* ViewController.swift */; };
		C66C80DA27F54F0B002A171F /* Main.storyboard in Resources */ = {isa = PBXBuildFile; fileRef = C66C80D827F54F0B002A171F /* Main.storyboard */; };
		C66C80DC27F54F0C002A171F /* Assets.xcassets in Resources */ = {isa = PBXBuildFile; fileRef = C66C80DB27F54F0C002A171F /* Assets.xcassets */; };
		C66C80DF27F54F0C002A171F /* LaunchScreen.storyboard in Resources */ = {isa = PBXBuildFile; fileRef = C66C80DD27F54F0C002A171F /* LaunchScreen.storyboard */; };
		C6F9D1BF27FAAA7A00AABCA8 /* DetailListViewController.swift in Sources */ = {isa = PBXBuildFile; fileRef = C6F9D1BE27FAAA7A00AABCA8 /* DetailListViewController.swift */; };
		D72FC91427FB337B003A24FB /* DashboardController.swift in Sources */ = {isa = PBXBuildFile; fileRef = D72FC91327FB337B003A24FB /* DashboardController.swift */; };
		D72FC91627FB33AC003A24FB /* DashboardStoryboard.storyboard in Resources */ = {isa = PBXBuildFile; fileRef = D72FC91527FB33AC003A24FB /* DashboardStoryboard.storyboard */; };
/* End PBXBuildFile section */

/* Begin PBXFileReference section */
		3FAAE8BE27FC3656001C0357 /* DetailListViewController.swift */ = {isa = PBXFileReference; fileEncoding = 4; lastKnownFileType = sourcecode.swift; name = DetailListViewController.swift; path = galas/DetailListViewController.swift; sourceTree = SOURCE_ROOT; };
		3FAAE8BF27FC3656001C0357 /* DetailListStoryboard.storyboard */ = {isa = PBXFileReference; fileEncoding = 4; lastKnownFileType = file.storyboard; name = DetailListStoryboard.storyboard; path = galas/DetailListStoryboard.storyboard; sourceTree = SOURCE_ROOT; };
		C62B602B27FB6F12000301D8 /* AddDestinationViewController.swift */ = {isa = PBXFileReference; lastKnownFileType = sourcecode.swift; path = AddDestinationViewController.swift; sourceTree = "<group>"; };
		C62B602F27FBEA45000301D8 /* AddDetailStoryboard.storyboard */ = {isa = PBXFileReference; lastKnownFileType = file.storyboard; path = AddDetailStoryboard.storyboard; sourceTree = "<group>"; };
		C65D83EB27FC0AD1001F50B2 /* SelectActivities */ = {isa = PBXFileReference; lastKnownFileType = folder; path = SelectActivities; sourceTree = "<group>"; };
		C66C80CF27F54F0B002A171F /* galas.app */ = {isa = PBXFileReference; explicitFileType = wrapper.application; includeInIndex = 0; path = galas.app; sourceTree = BUILT_PRODUCTS_DIR; };
		C66C80D227F54F0B002A171F /* AppDelegate.swift */ = {isa = PBXFileReference; lastKnownFileType = sourcecode.swift; path = AppDelegate.swift; sourceTree = "<group>"; };
		C66C80D427F54F0B002A171F /* SceneDelegate.swift */ = {isa = PBXFileReference; lastKnownFileType = sourcecode.swift; path = SceneDelegate.swift; sourceTree = "<group>"; };
		C66C80D627F54F0B002A171F /* ViewController.swift */ = {isa = PBXFileReference; lastKnownFileType = sourcecode.swift; path = ViewController.swift; sourceTree = "<group>"; };
		C66C80D927F54F0B002A171F /* Base */ = {isa = PBXFileReference; lastKnownFileType = file.storyboard; name = Base; path = Base.lproj/Main.storyboard; sourceTree = "<group>"; };
		C66C80DB27F54F0C002A171F /* Assets.xcassets */ = {isa = PBXFileReference; lastKnownFileType = folder.assetcatalog; path = Assets.xcassets; sourceTree = "<group>"; };
		C66C80DE27F54F0C002A171F /* Base */ = {isa = PBXFileReference; lastKnownFileType = file.storyboard; name = Base; path = Base.lproj/LaunchScreen.storyboard; sourceTree = "<group>"; };
		C66C80E027F54F0C002A171F /* Info.plist */ = {isa = PBXFileReference; lastKnownFileType = text.plist.xml; path = Info.plist; sourceTree = "<group>"; };
		C6F9D1BE27FAAA7A00AABCA8 /* DetailListViewController.swift */ = {isa = PBXFileReference; lastKnownFileType = sourcecode.swift; path = DetailListViewController.swift; sourceTree = "<group>"; };
		D72FC91327FB337B003A24FB /* DashboardController.swift */ = {isa = PBXFileReference; lastKnownFileType = sourcecode.swift; path = DashboardController.swift; sourceTree = "<group>"; };
		D72FC91527FB33AC003A24FB /* DashboardStoryboard.storyboard */ = {isa = PBXFileReference; lastKnownFileType = file.storyboard; path = DashboardStoryboard.storyboard; sourceTree = "<group>"; };
/* End PBXFileReference section */

/* Begin PBXFrameworksBuildPhase section */
		C66C80CC27F54F0B002A171F /* Frameworks */ = {
			isa = PBXFrameworksBuildPhase;
			buildActionMask = 2147483647;
			files = (
			);
			runOnlyForDeploymentPostprocessing = 0;
		};
/* End PBXFrameworksBuildPhase section */

/* Begin PBXGroup section */
		3FAAE8BD27FC3321001C0357 /* Recovered References */ = {
			isa = PBXGroup;
			children = (
				C6F9D1BE27FAAA7A00AABCA8 /* DetailListViewController.swift */,
			);
			name = "Recovered References";
			sourceTree = "<group>";
		};
		C62B602827FB6E61000301D8 /* AddDestination */ = {
			isa = PBXGroup;
			children = (
				C62B602B27FB6F12000301D8 /* AddDestinationViewController.swift */,
				C62B602F27FBEA45000301D8 /* AddDetailStoryboard.storyboard */,
			);
			path = AddDestination;
			sourceTree = "<group>";
		};
		C66C80C627F54F0B002A171F = {
			isa = PBXGroup;
			children = (
				C66C80D127F54F0B002A171F /* galas */,
				C66C80D027F54F0B002A171F /* Products */,
				3FAAE8BD27FC3321001C0357 /* Recovered References */,
			);
			sourceTree = "<group>";
		};
		C66C80D027F54F0B002A171F /* Products */ = {
			isa = PBXGroup;
			children = (
				C66C80CF27F54F0B002A171F /* galas.app */,
			);
			name = Products;
			sourceTree = "<group>";
		};
		C66C80D127F54F0B002A171F /* galas */ = {
			isa = PBXGroup;
			children = (
				C6F9D1AA27FAA24900AABCA8 /* system */,
				C6F9D1A927FAA23F00AABCA8 /* component */,
				C66C80D227F54F0B002A171F /* AppDelegate.swift */,
				D72FC91327FB337B003A24FB /* DashboardController.swift */,
				D72FC91527FB33AC003A24FB /* DashboardStoryboard.storyboard */,
				C66C80D427F54F0B002A171F /* SceneDelegate.swift */,
				C66C80D627F54F0B002A171F /* ViewController.swift */,
				C66C80D827F54F0B002A171F /* Main.storyboard */,
				C66C80DB27F54F0C002A171F /* Assets.xcassets */,
				C66C80DD27F54F0C002A171F /* LaunchScreen.storyboard */,
				C66C80E027F54F0C002A171F /* Info.plist */,
			);
			path = galas;
			sourceTree = "<group>";
		};
		C6F9D1A927FAA23F00AABCA8 /* component */ = {
			isa = PBXGroup;
			children = (
				C6F9D1AE27FAA26500AABCA8 /* screen-view */,
			);
			path = component;
			sourceTree = "<group>";
		};
		C6F9D1AA27FAA24900AABCA8 /* system */ = {
			isa = PBXGroup;
			children = (
				C6F9D1B227FAA29000AABCA8 /* model */,
			);
			path = system;
			sourceTree = "<group>";
		};
		C6F9D1AE27FAA26500AABCA8 /* screen-view */ = {
			isa = PBXGroup;
			children = (
				C65D83EB27FC0AD1001F50B2 /* SelectActivities */,
				C62B602827FB6E61000301D8 /* AddDestination */,
				C6F9D1BD27FAAA6500AABCA8 /* DetailList */,
			);
			path = "screen-view";
			sourceTree = "<group>";
		};
		C6F9D1B227FAA29000AABCA8 /* model */ = {
			isa = PBXGroup;
			children = (
			);
			path = model;
			sourceTree = "<group>";
		};
		C6F9D1BD27FAAA6500AABCA8 /* DetailList */ = {
			isa = PBXGroup;
			children = (
				3FAAE8BF27FC3656001C0357 /* DetailListStoryboard.storyboard */,
				3FAAE8BE27FC3656001C0357 /* DetailListViewController.swift */,
			);
			path = DetailList;
			sourceTree = "<group>";
		};
/* End PBXGroup section */

/* Begin PBXNativeTarget section */
		C66C80CE27F54F0B002A171F /* galas */ = {
			isa = PBXNativeTarget;
			buildConfigurationList = C66C80E327F54F0C002A171F /* Build configuration list for PBXNativeTarget "galas" */;
			buildPhases = (
				C66C80CB27F54F0B002A171F /* Sources */,
				C66C80CC27F54F0B002A171F /* Frameworks */,
				C66C80CD27F54F0B002A171F /* Resources */,
			);
			buildRules = (
			);
			dependencies = (
			);
			name = galas;
			productName = galas;
			productReference = C66C80CF27F54F0B002A171F /* galas.app */;
			productType = "com.apple.product-type.application";
		};
/* End PBXNativeTarget section */

/* Begin PBXProject section */
		C66C80C727F54F0B002A171F /* Project object */ = {
			isa = PBXProject;
			attributes = {
				BuildIndependentTargetsInParallel = 1;
				LastSwiftUpdateCheck = 1330;
				LastUpgradeCheck = 1330;
				TargetAttributes = {
					C66C80CE27F54F0B002A171F = {
						CreatedOnToolsVersion = 13.3;
					};
				};
			};
			buildConfigurationList = C66C80CA27F54F0B002A171F /* Build configuration list for PBXProject "galas" */;
			compatibilityVersion = "Xcode 13.0";
			developmentRegion = en;
			hasScannedForEncodings = 0;
			knownRegions = (
				en,
				Base,
			);
			mainGroup = C66C80C627F54F0B002A171F;
			productRefGroup = C66C80D027F54F0B002A171F /* Products */;
			projectDirPath = "";
			projectRoot = "";
			targets = (
				C66C80CE27F54F0B002A171F /* galas */,
			);
		};
/* End PBXProject section */

/* Begin PBXResourcesBuildPhase section */
		C66C80CD27F54F0B002A171F /* Resources */ = {
			isa = PBXResourcesBuildPhase;
			buildActionMask = 2147483647;
			files = (
				D72FC91627FB33AC003A24FB /* DashboardStoryboard.storyboard in Resources */,
				C66C80DF27F54F0C002A171F /* LaunchScreen.storyboard in Resources */,
				C65D83EC27FC0AD1001F50B2 /* SelectActivities in Resources */,
				C66C80DC27F54F0C002A171F /* Assets.xcassets in Resources */,
				C66C80DA27F54F0B002A171F /* Main.storyboard in Resources */,
				3FAAE8C127FC3657001C0357 /* DetailListStoryboard.storyboard in Resources */,
				C62B603027FBEA46000301D8 /* AddDetailStoryboard.storyboard in Resources */,
			);
			runOnlyForDeploymentPostprocessing = 0;
		};
/* End PBXResourcesBuildPhase section */

/* Begin PBXSourcesBuildPhase section */
		C66C80CB27F54F0B002A171F /* Sources */ = {
			isa = PBXSourcesBuildPhase;
			buildActionMask = 2147483647;
			files = (
				C62B602C27FB6F12000301D8 /* AddDestinationViewController.swift in Sources */,
				3FAAE8C027FC3657001C0357 /* DetailListViewController.swift in Sources */,
				C66C80D727F54F0B002A171F /* ViewController.swift in Sources */,
				C66C80D327F54F0B002A171F /* AppDelegate.swift in Sources */,
				C66C80D527F54F0B002A171F /* SceneDelegate.swift in Sources */,
				D72FC91427FB337B003A24FB /* DashboardController.swift in Sources */,
				C6F9D1BF27FAAA7A00AABCA8 /* DetailListViewController.swift in Sources */,
			);
			runOnlyForDeploymentPostprocessing = 0;
		};
/* End PBXSourcesBuildPhase section */

/* Begin PBXVariantGroup section */
		C66C80D827F54F0B002A171F /* Main.storyboard */ = {
			isa = PBXVariantGroup;
			children = (
				C66C80D927F54F0B002A171F /* Base */,
			);
			name = Main.storyboard;
			sourceTree = "<group>";
		};
		C66C80DD27F54F0C002A171F /* LaunchScreen.storyboard */ = {
			isa = PBXVariantGroup;
			children = (
				C66C80DE27F54F0C002A171F /* Base */,
			);
			name = LaunchScreen.storyboard;
			sourceTree = "<group>";
		};
/* End PBXVariantGroup section */

/* Begin XCBuildConfiguration section */
		C66C80E127F54F0C002A171F /* Debug */ = {
			isa = XCBuildConfiguration;
			buildSettings = {
				ALWAYS_SEARCH_USER_PATHS = NO;
				CLANG_ANALYZER_NONNULL = YES;
				CLANG_ANALYZER_NUMBER_OBJECT_CONVERSION = YES_AGGRESSIVE;
				CLANG_CXX_LANGUAGE_STANDARD = "gnu++17";
				CLANG_ENABLE_MODULES = YES;
				CLANG_ENABLE_OBJC_ARC = YES;
				CLANG_ENABLE_OBJC_WEAK = YES;
				CLANG_WARN_BLOCK_CAPTURE_AUTORELEASING = YES;
				CLANG_WARN_BOOL_CONVERSION = YES;
				CLANG_WARN_COMMA = YES;
				CLANG_WARN_CONSTANT_CONVERSION = YES;
				CLANG_WARN_DEPRECATED_OBJC_IMPLEMENTATIONS = YES;
				CLANG_WARN_DIRECT_OBJC_ISA_USAGE = YES_ERROR;
				CLANG_WARN_DOCUMENTATION_COMMENTS = YES;
				CLANG_WARN_EMPTY_BODY = YES;
				CLANG_WARN_ENUM_CONVERSION = YES;
				CLANG_WARN_INFINITE_RECURSION = YES;
				CLANG_WARN_INT_CONVERSION = YES;
				CLANG_WARN_NON_LITERAL_NULL_CONVERSION = YES;
				CLANG_WARN_OBJC_IMPLICIT_RETAIN_SELF = YES;
				CLANG_WARN_OBJC_LITERAL_CONVERSION = YES;
				CLANG_WARN_OBJC_ROOT_CLASS = YES_ERROR;
				CLANG_WARN_QUOTED_INCLUDE_IN_FRAMEWORK_HEADER = YES;
				CLANG_WARN_RANGE_LOOP_ANALYSIS = YES;
				CLANG_WARN_STRICT_PROTOTYPES = YES;
				CLANG_WARN_SUSPICIOUS_MOVE = YES;
				CLANG_WARN_UNGUARDED_AVAILABILITY = YES_AGGRESSIVE;
				CLANG_WARN_UNREACHABLE_CODE = YES;
				CLANG_WARN__DUPLICATE_METHOD_MATCH = YES;
				COPY_PHASE_STRIP = NO;
				DEBUG_INFORMATION_FORMAT = dwarf;
				ENABLE_STRICT_OBJC_MSGSEND = YES;
				ENABLE_TESTABILITY = YES;
				GCC_C_LANGUAGE_STANDARD = gnu11;
				GCC_DYNAMIC_NO_PIC = NO;
				GCC_NO_COMMON_BLOCKS = YES;
				GCC_OPTIMIZATION_LEVEL = 0;
				GCC_PREPROCESSOR_DEFINITIONS = (
					"DEBUG=1",
					"$(inherited)",
				);
				GCC_WARN_64_TO_32_BIT_CONVERSION = YES;
				GCC_WARN_ABOUT_RETURN_TYPE = YES_ERROR;
				GCC_WARN_UNDECLARED_SELECTOR = YES;
				GCC_WARN_UNINITIALIZED_AUTOS = YES_AGGRESSIVE;
				GCC_WARN_UNUSED_FUNCTION = YES;
				GCC_WARN_UNUSED_VARIABLE = YES;
				IPHONEOS_DEPLOYMENT_TARGET = 15.4;
				MTL_ENABLE_DEBUG_INFO = INCLUDE_SOURCE;
				MTL_FAST_MATH = YES;
				ONLY_ACTIVE_ARCH = YES;
				SDKROOT = iphoneos;
				SWIFT_ACTIVE_COMPILATION_CONDITIONS = DEBUG;
				SWIFT_OPTIMIZATION_LEVEL = "-Onone";
			};
			name = Debug;
		};
		C66C80E227F54F0C002A171F /* Release */ = {
			isa = XCBuildConfiguration;
			buildSettings = {
				ALWAYS_SEARCH_USER_PATHS = NO;
				CLANG_ANALYZER_NONNULL = YES;
				CLANG_ANALYZER_NUMBER_OBJECT_CONVERSION = YES_AGGRESSIVE;
				CLANG_CXX_LANGUAGE_STANDARD = "gnu++17";
				CLANG_ENABLE_MODULES = YES;
				CLANG_ENABLE_OBJC_ARC = YES;
				CLANG_ENABLE_OBJC_WEAK = YES;
				CLANG_WARN_BLOCK_CAPTURE_AUTORELEASING = YES;
				CLANG_WARN_BOOL_CONVERSION = YES;
				CLANG_WARN_COMMA = YES;
				CLANG_WARN_CONSTANT_CONVERSION = YES;
				CLANG_WARN_DEPRECATED_OBJC_IMPLEMENTATIONS = YES;
				CLANG_WARN_DIRECT_OBJC_ISA_USAGE = YES_ERROR;
				CLANG_WARN_DOCUMENTATION_COMMENTS = YES;
				CLANG_WARN_EMPTY_BODY = YES;
				CLANG_WARN_ENUM_CONVERSION = YES;
				CLANG_WARN_INFINITE_RECURSION = YES;
				CLANG_WARN_INT_CONVERSION = YES;
				CLANG_WARN_NON_LITERAL_NULL_CONVERSION = YES;
				CLANG_WARN_OBJC_IMPLICIT_RETAIN_SELF = YES;
				CLANG_WARN_OBJC_LITERAL_CONVERSION = YES;
				CLANG_WARN_OBJC_ROOT_CLASS = YES_ERROR;
				CLANG_WARN_QUOTED_INCLUDE_IN_FRAMEWORK_HEADER = YES;
				CLANG_WARN_RANGE_LOOP_ANALYSIS = YES;
				CLANG_WARN_STRICT_PROTOTYPES = YES;
				CLANG_WARN_SUSPICIOUS_MOVE = YES;
				CLANG_WARN_UNGUARDED_AVAILABILITY = YES_AGGRESSIVE;
				CLANG_WARN_UNREACHABLE_CODE = YES;
				CLANG_WARN__DUPLICATE_METHOD_MATCH = YES;
				COPY_PHASE_STRIP = NO;
				DEBUG_INFORMATION_FORMAT = "dwarf-with-dsym";
				ENABLE_NS_ASSERTIONS = NO;
				ENABLE_STRICT_OBJC_MSGSEND = YES;
				GCC_C_LANGUAGE_STANDARD = gnu11;
				GCC_NO_COMMON_BLOCKS = YES;
				GCC_WARN_64_TO_32_BIT_CONVERSION = YES;
				GCC_WARN_ABOUT_RETURN_TYPE = YES_ERROR;
				GCC_WARN_UNDECLARED_SELECTOR = YES;
				GCC_WARN_UNINITIALIZED_AUTOS = YES_AGGRESSIVE;
				GCC_WARN_UNUSED_FUNCTION = YES;
				GCC_WARN_UNUSED_VARIABLE = YES;
				IPHONEOS_DEPLOYMENT_TARGET = 15.4;
				MTL_ENABLE_DEBUG_INFO = NO;
				MTL_FAST_MATH = YES;
				SDKROOT = iphoneos;
				SWIFT_COMPILATION_MODE = wholemodule;
				SWIFT_OPTIMIZATION_LEVEL = "-O";
				VALIDATE_PRODUCT = YES;
			};
			name = Release;
		};
		C66C80E427F54F0C002A171F /* Debug */ = {
			isa = XCBuildConfiguration;
			buildSettings = {
				ASSETCATALOG_COMPILER_APPICON_NAME = AppIcon;
				ASSETCATALOG_COMPILER_GLOBAL_ACCENT_COLOR_NAME = AccentColor;
				CODE_SIGN_STYLE = Automatic;
				CURRENT_PROJECT_VERSION = 1;
				DEVELOPMENT_TEAM = PMFGHSM755;
				GENERATE_INFOPLIST_FILE = YES;
				INFOPLIST_FILE = galas/Info.plist;
				INFOPLIST_KEY_UIApplicationSupportsIndirectInputEvents = YES;
				INFOPLIST_KEY_UILaunchStoryboardName = LaunchScreen;
				INFOPLIST_KEY_UIMainStoryboardFile = Main;
				INFOPLIST_KEY_UISupportedInterfaceOrientations_iPad = "UIInterfaceOrientationPortrait UIInterfaceOrientationPortraitUpsideDown UIInterfaceOrientationLandscapeLeft UIInterfaceOrientationLandscapeRight";
				INFOPLIST_KEY_UISupportedInterfaceOrientations_iPhone = "UIInterfaceOrientationPortrait UIInterfaceOrientationLandscapeLeft UIInterfaceOrientationLandscapeRight";
				LD_RUNPATH_SEARCH_PATHS = (
					"$(inherited)",
					"@executable_path/Frameworks",
				);
				MARKETING_VERSION = 1.0;
				PRODUCT_BUNDLE_IDENTIFIER = appleDevAcademy.galas;
				PRODUCT_NAME = "$(TARGET_NAME)";
				SWIFT_EMIT_LOC_STRINGS = YES;
				SWIFT_VERSION = 5.0;
				TARGETED_DEVICE_FAMILY = "1,2";
			};
			name = Debug;
		};
		C66C80E527F54F0C002A171F /* Release */ = {
			isa = XCBuildConfiguration;
			buildSettings = {
				ASSETCATALOG_COMPILER_APPICON_NAME = AppIcon;
				ASSETCATALOG_COMPILER_GLOBAL_ACCENT_COLOR_NAME = AccentColor;
				CODE_SIGN_STYLE = Automatic;
				CURRENT_PROJECT_VERSION = 1;
				DEVELOPMENT_TEAM = PMFGHSM755;
				GENERATE_INFOPLIST_FILE = YES;
				INFOPLIST_FILE = galas/Info.plist;
				INFOPLIST_KEY_UIApplicationSupportsIndirectInputEvents = YES;
				INFOPLIST_KEY_UILaunchStoryboardName = LaunchScreen;
				INFOPLIST_KEY_UIMainStoryboardFile = Main;
				INFOPLIST_KEY_UISupportedInterfaceOrientations_iPad = "UIInterfaceOrientationPortrait UIInterfaceOrientationPortraitUpsideDown UIInterfaceOrientationLandscapeLeft UIInterfaceOrientationLandscapeRight";
				INFOPLIST_KEY_UISupportedInterfaceOrientations_iPhone = "UIInterfaceOrientationPortrait UIInterfaceOrientationLandscapeLeft UIInterfaceOrientationLandscapeRight";
				LD_RUNPATH_SEARCH_PATHS = (
					"$(inherited)",
					"@executable_path/Frameworks",
				);
				MARKETING_VERSION = 1.0;
				PRODUCT_BUNDLE_IDENTIFIER = appleDevAcademy.galas;
				PRODUCT_NAME = "$(TARGET_NAME)";
				SWIFT_EMIT_LOC_STRINGS = YES;
				SWIFT_VERSION = 5.0;
				TARGETED_DEVICE_FAMILY = "1,2";
			};
			name = Release;
		};
/* End XCBuildConfiguration section */

/* Begin XCConfigurationList section */
		C66C80CA27F54F0B002A171F /* Build configuration list for PBXProject "galas" */ = {
			isa = XCConfigurationList;
			buildConfigurations = (
				C66C80E127F54F0C002A171F /* Debug */,
				C66C80E227F54F0C002A171F /* Release */,
			);
			defaultConfigurationIsVisible = 0;
			defaultConfigurationName = Release;
		};
		C66C80E327F54F0C002A171F /* Build configuration list for PBXNativeTarget "galas" */ = {
			isa = XCConfigurationList;
			buildConfigurations = (
				C66C80E427F54F0C002A171F /* Debug */,
				C66C80E527F54F0C002A171F /* Release */,
			);
			defaultConfigurationIsVisible = 0;
			defaultConfigurationName = Release;
		};
/* End XCConfigurationList section */
	};
	rootObject = C66C80C727F54F0B002A171F /* Project object */;
}
